{
  "name": "chart-line",
  "version": "0.1.1",
  "lockfileVersion": 1,
  "requires": true,
  "dependencies": {
    "batch-processor": {
      "version": "1.0.0",
      "resolved": "http://r.tnpm.oa.com/batch-processor/-/batch-processor-1.0.0.tgz",
      "integrity": "sha1-dclcMrdI4IUNEMKxaPa9vpiRrOg="
    },
    "element-resize-detector": {
      "version": "1.2.2",
      "resolved": "http://r.tnpm.oa.com/element-resize-detector/-/element-resize-detector-1.2.2.tgz",
      "integrity": "sha512-+LOXRkCJc4I5WhEJxIDjhmE3raF8jtOMBDqSCgZTMz2TX3oXAX5pE2+MDeopJlGdXzP7KzPbBJaUGfNaP9HG4A==",
      "requires": {
        "batch-processor": "1.0.0"
      }
    }
  }
}
